
Microsoft Visual Studio Solution File, Format Version 12.00
# Visual Studio Version 16
VisualStudioVersion = 16.0.29324.140
MinimumVisualStudioVersion = 10.0.40219.1
Project("{FAE04EC0-301F-11D3-BF4B-00C04F79EFBC}") = "VironIT_Social_network_server.DAL", "VironIT_Social_network_server.DAL\VironIT_Social_network_server.DAL.csproj", "{A417A569-40E1-4122-9089-5492EC9B3C08}"
EndProject
Global
	GlobalSection(SolutionConfigurationPlatforms) = preSolution
		Debug|Any CPU = Debug|Any CPU
		Release|Any CPU = Release|Any CPU
	EndGlobalSection
	GlobalSection(ProjectConfigurationPlatforms) = postSolution
		{A417A569-40E1-4122-9089-5492EC9B3C08}.Debug|Any CPU.ActiveCfg = Debug|Any CPU
		{A417A569-40E1-4122-9089-5492EC9B3C08}.Debug|Any CPU.Build.0 = Debug|Any CPU
		{A417A569-40E1-4122-9089-5492EC9B3C08}.Release|Any CPU.ActiveCfg = Release|Any CPU
		{A417A569-40E1-4122-9089-5492EC9B3C08}.Release|Any CPU.Build.0 = Release|Any CPU
	EndGlobalSection
	GlobalSection(SolutionProperties) = preSolution
		HideSolutionNode = FALSE
	EndGlobalSection
	GlobalSection(ExtensibilityGlobals) = postSolution
		SolutionGuid = {988176D8-1C9E-46A6-908D-B1D071C7A65A}
	EndGlobalSection
EndGlobal
